# This file is automatically @generated by Cargo.
# It is not intended for manual editing.
version = 4

[[package]]
name = "nova-consensus"
version = "0.1.0"

[[package]]
name = "nova-core"
version = "0.1.0"

[[package]]
name = "nova-crypto"
version = "0.1.0"

[[package]]
name = "nova-execution"
version = "0.1.0"

[[package]]
name = "nova-network"
version = "0.1.0"

[[package]]
name = "nova-node"
version = "0.1.0"

[[package]]
name = "nova-rpc"
version = "0.1.0"

[[package]]
name = "nova-storage"
version = "0.1.0"

[[package]]
name = "nova-wallet"
version = "0.1.0"
